
Microsoft Visual Studio Solution File, Format Version 12.00
# Visual Studio Version 16
VisualStudioVersion = 25.0.1706.8
MinimumVisualStudioVersion = 10.0.40219.1
Project("{FAE04EC0-301F-11D3-BF4B-00C04F79EFBC}") = "cit_110", "cit_110\cit_110.csproj", "{BAEF2C67-973B-46A1-9874-371E51E4BF07}"
EndProject
Global
	GlobalSection(SolutionConfigurationPlatforms) = preSolution
		Debug|Any CPU = Debug|Any CPU
		Release|Any CPU = Release|Any CPU
	EndGlobalSection
	GlobalSection(ProjectConfigurationPlatforms) = postSolution
		{BAEF2C67-973B-46A1-9874-371E51E4BF07}.Debug|Any CPU.ActiveCfg = Debug|Any CPU
		{BAEF2C67-973B-46A1-9874-371E51E4BF07}.Debug|Any CPU.Build.0 = Debug|Any CPU
		{BAEF2C67-973B-46A1-9874-371E51E4BF07}.Release|Any CPU.ActiveCfg = Release|Any CPU
		{BAEF2C67-973B-46A1-9874-371E51E4BF07}.Release|Any CPU.Build.0 = Release|Any CPU
	EndGlobalSection
	GlobalSection(SolutionProperties) = preSolution
		HideSolutionNode = FALSE
	EndGlobalSection
	GlobalSection(ExtensibilityGlobals) = postSolution
		SolutionGuid = {821E3C22-143F-4DA4-9B91-58AB265E3C81}
	EndGlobalSection
EndGlobal
