
Microsoft Visual Studio Solution File, Format Version 12.00
# Visual Studio Version 16
VisualStudioVersion = 25.0.1706.8
MinimumVisualStudioVersion = 10.0.40219.1
Project("{FAE04EC0-301F-11D3-BF4B-00C04F79EFBC}") = "lab_files", "lab_files\lab_files.csproj", "{81ACF8C9-BBCF-47DB-924F-2E0A29337891}"
EndProject
Global
	GlobalSection(SolutionConfigurationPlatforms) = preSolution
		Debug|Any CPU = Debug|Any CPU
		Release|Any CPU = Release|Any CPU
	EndGlobalSection
	GlobalSection(ProjectConfigurationPlatforms) = postSolution
		{81ACF8C9-BBCF-47DB-924F-2E0A29337891}.Debug|Any CPU.ActiveCfg = Debug|Any CPU
		{81ACF8C9-BBCF-47DB-924F-2E0A29337891}.Debug|Any CPU.Build.0 = Debug|Any CPU
		{81ACF8C9-BBCF-47DB-924F-2E0A29337891}.Release|Any CPU.ActiveCfg = Release|Any CPU
		{81ACF8C9-BBCF-47DB-924F-2E0A29337891}.Release|Any CPU.Build.0 = Release|Any CPU
	EndGlobalSection
	GlobalSection(SolutionProperties) = preSolution
		HideSolutionNode = FALSE
	EndGlobalSection
	GlobalSection(ExtensibilityGlobals) = postSolution
		SolutionGuid = {FE0AFBEA-88B7-421A-8D28-D78124F8448C}
	EndGlobalSection
EndGlobal
